// !$*UTF8*$!
{
	archiveVersion = 1;
	classes = {
	};
	objectVersion = 46;
	objects = {

/* Begin PBXBuildFile section */
		81D94D9B1D656F1A00B46511 /* AppDelegate.swift in Sources */ = {isa = PBXBuildFile; fileRef = 81D94D9A1D656F1A00B46511 /* AppDelegate.swift */; };
		81D94D9D1D656F1A00B46511 /* ViewController.swift in Sources */ = {isa = PBXBuildFile; fileRef = 81D94D9C1D656F1A00B46511 /* ViewController.swift */; };
		81D94DA01D656F1A00B46511 /* Main.storyboard in Resources */ = {isa = PBXBuildFile; fileRef = 81D94D9E1D656F1A00B46511 /* Main.storyboard */; };
		81D94DA21D656F1A00B46511 /* Assets.xcassets in Resources */ = {isa = PBXBuildFile; fileRef = 81D94DA11D656F1A00B46511 /* Assets.xcassets */; };
		81D94DA51D656F1A00B46511 /* LaunchScreen.storyboard in Resources */ = {isa = PBXBuildFile; fileRef = 81D94DA31D656F1A00B46511 /* LaunchScreen.storyboard */; };
		83AF84C80CD08CDD487565BD /* Pods_PodDemo.framework in Frameworks */ = {isa = PBXBuildFile; fileRef = 2CDD881CEB934804FE37707B /* Pods_PodDemo.framework */; };
/* End PBXBuildFile section */

/* Begin PBXFileReference section */
		2CDD881CEB934804FE37707B /* Pods_PodDemo.framework */ = {isa = PBXFileReference; explicitFileType = wrapper.framework; includeInIndex = 0; path = Pods_PodDemo.framework; sourceTree = BUILT_PRODUCTS_DIR; };
		443DFD208A65EB078679902C /* Pods-PodDemo.release.xcconfig */ = {isa = PBXFileReference; includeInIndex = 1; lastKnownFileType = text.xcconfig; name = "Pods-PodDemo.release.xcconfig"; path = "Pods/Target Support Files/Pods-PodDemo/Pods-PodDemo.release.xcconfig"; sourceTree = "<group>"; };
		81D94D971D656F1A00B46511 /* PodDemo.app */ = {isa = PBXFileReference; explicitFileType = wrapper.application; includeInIndex = 0; path = PodDemo.app; sourceTree = BUILT_PRODUCTS_DIR; };
		81D94D9A1D656F1A00B46511 /* AppDelegate.swift */ = {isa = PBXFileReference; lastKnownFileType = sourcecode.swift; path = AppDelegate.swift; sourceTree = "<group>"; };
		81D94D9C1D656F1A00B46511 /* ViewController.swift */ = {isa = PBXFileReference; lastKnownFileType = sourcecode.swift; path = ViewController.swift; sourceTree = "<group>"; };
		81D94D9F1D656F1A00B46511 /* Base */ = {isa = PBXFileReference; lastKnownFileType = file.storyboard; name = Base; path = Base.lproj/Main.storyboard; sourceTree = "<group>"; };
		81D94DA11D656F1A00B46511 /* Assets.xcassets */ = {isa = PBXFileReference; lastKnownFileType = folder.assetcatalog; path = Assets.xcassets; sourceTree = "<group>"; };
		81D94DA41D656F1A00B46511 /* Base */ = {isa = PBXFileReference; lastKnownFileType = file.storyboard; name = Base; path = Base.lproj/LaunchScreen.storyboard; sourceTree = "<group>"; };
		81D94DA61D656F1A00B46511 /* Info.plist */ = {isa = PBXFileReference; lastKnownFileType = text.plist.xml; path = Info.plist; sourceTree = "<group>"; };
		BED215CF2408341B48CF8194 /* Pods-PodDemo.debug.xcconfig */ = {isa = PBXFileReference; includeInIndex = 1; lastKnownFileType = text.xcconfig; name = "Pods-PodDemo.debug.xcconfig"; path = "Pods/Target Support Files/Pods-PodDemo/Pods-PodDemo.debug.xcconfig"; sourceTree = "<group>"; };
/* End PBXFileReference section */

/* Begin PBXFrameworksBuildPhase section */
		81D94D941D656F1A00B46511 /* Frameworks */ = {
			isa = PBXFrameworksBuildPhase;
			buildActionMask = 2147483647;
			files = (
				83AF84C80CD08CDD487565BD /* Pods_PodDemo.framework in Frameworks */,
			);
			runOnlyForDeploymentPostprocessing = 0;
		};
/* End PBXFrameworksBuildPhase section */

/* Begin PBXGroup section */
		4E86A31A395C4FE9C4A011F9 /* Pods */ = {
			isa = PBXGroup;
			children = (
				BED215CF2408341B48CF8194 /* Pods-PodDemo.debug.xcconfig */,
				443DFD208A65EB078679902C /* Pods-PodDemo.release.xcconfig */,
			);
			name = Pods;
			sourceTree = "<group>";
		};
		73863B0CFE3101C1A0742531 /* Frameworks */ = {
			isa = PBXGroup;
			children = (
				2CDD881CEB934804FE37707B /* Pods_PodDemo.framework */,
			);
			name = Frameworks;
			sourceTree = "<group>";
		};
		81D94D8E1D656F1A00B46511 = {
			isa = PBXGroup;
			children = (
				81D94D991D656F1A00B46511 /* PodDemo */,
				81D94D981D656F1A00B46511 /* Products */,
				4E86A31A395C4FE9C4A011F9 /* Pods */,
				73863B0CFE3101C1A0742531 /* Frameworks */,
			);
			sourceTree = "<group>";
		};
		81D94D981D656F1A00B46511 /* Products */ = {
			isa = PBXGroup;
			children = (
				81D94D971D656F1A00B46511 /* PodDemo.app */,
			);
			name = Products;
			sourceTree = "<group>";
		};
		81D94D991D656F1A00B46511 /* PodDemo */ = {
			isa = PBXGroup;
			children = (
				81D94D9A1D656F1A00B46511 /* AppDelegate.swift */,
				81D94D9C1D656F1A00B46511 /* ViewController.swift */,
				81D94D9E1D656F1A00B46511 /* Main.storyboard */,
				81D94DA11D656F1A00B46511 /* Assets.xcassets */,
				81D94DA31D656F1A00B46511 /* LaunchScreen.storyboard */,
				81D94DA61D656F1A00B46511 /* Info.plist */,
			);
			path = PodDemo;
			sourceTree = "<group>";
		};
/* End PBXGroup section */

/* Begin PBXNativeTarget section */
		81D94D961D656F1A00B46511 /* PodDemo */ = {
			isa = PBXNativeTarget;
			buildConfigurationList = 81D94DA91D656F1A00B46511 /* Build configuration list for PBXNativeTarget "PodDemo" */;
			buildPhases = (
				C1911FFC1A0F7409E9FE3FBD /* [CP] Check Pods Manifest.lock */,
				81D94D931D656F1A00B46511 /* Sources */,
				81D94D941D656F1A00B46511 /* Frameworks */,
				81D94D951D656F1A00B46511 /* Resources */,
				DC87A543B23C27AC91A4C9E5 /* [CP] Embed Pods Frameworks */,
				7F97A2A473B1917351EEA07B /* [CP] Copy Pods Resources */,
			);
			buildRules = (
			);
			dependencies = (
			);
			name = PodDemo;
			productName = PodDemo;
			productReference = 81D94D971D656F1A00B46511 /* PodDemo.app */;
			productType = "com.apple.product-type.application";
		};
/* End PBXNativeTarget section */

/* Begin PBXProject section */
		81D94D8F1D656F1A00B46511 /* Project object */ = {
			isa = PBXProject;
			attributes = {
				LastSwiftUpdateCheck = 0730;
				LastUpgradeCheck = 0730;
				ORGANIZATIONNAME = Ink;
				TargetAttributes = {
					81D94D961D656F1A00B46511 = {
						CreatedOnToolsVersion = 7.3.1;
					};
				};
			};
			buildConfigurationList = 81D94D921D656F1A00B46511 /* Build configuration list for PBXProject "PodDemo" */;
			compatibilityVersion = "Xcode 3.2";
			developmentRegion = English;
			hasScannedForEncodings = 0;
			knownRegions = (
				en,
				Base,
			);
			mainGroup = 81D94D8E1D656F1A00B46511;
			productRefGroup = 81D94D981D656F1A00B46511 /* Products */;
			projectDirPath = "";
			projectRoot = "";
			targets = (
				81D94D961D656F1A00B46511 /* PodDemo */,
			);
		};
/* End PBXProject section */

/* Begin PBXResourcesBuildPhase section */
		81D94D951D656F1A00B46511 /* Resources */ = {
			isa = PBXResourcesBuildPhase;
			buildActionMask = 2147483647;
			files = (
				81D94DA51D656F1A00B46511 /* LaunchScreen.storyboard in Resources */,
				81D94DA21D656F1A00B46511 /* Assets.xcassets in Resources */,
				81D94DA01D656F1A00B46511 /* Main.storyboard in Resources */,
			);
			runOnlyForDeploymentPostprocessing = 0;
		};
/* End PBXResourcesBuildPhase section */

/* Begin PBXShellScriptBuildPhase section */
		7F97A2A473B1917351EEA07B /* [CP] Copy Pods Resources */ = {
			isa = PBXShellScriptBuildPhase;
			buildActionMask = 2147483647;
			files = (
			);
			inputPaths = (
			);
			name = "[CP] Copy Pods Resources";
			outputPaths = (
			);
			runOnlyForDeploymentPostprocessing = 0;
			shellPath = /bin/sh;
			shellScript = "\"${SRCROOT}/Pods/Target Support Files/Pods-PodDemo/Pods-PodDemo-resources.sh\"\n";
			showEnvVarsInLog = 0;
		};
		C1911FFC1A0F7409E9FE3FBD /* [CP] Check Pods Manifest.lock */ = {
			isa = PBXShellScriptBuildPhase;
			buildActionMask = 2147483647;
			files = (
			);
			inputPaths = (
			);
			name = "[CP] Check Pods Manifest.lock";
			outputPaths = (
			);
			runOnlyForDeploymentPostprocessing = 0;
			shellPath = /bin/sh;
			shellScript = "diff \"${PODS_ROOT}/../Podfile.lock\" \"${PODS_ROOT}/Manifest.lock\" > /dev/null\nif [[ $? != 0 ]] ; then\n    cat << EOM\nerror: The sandbox is not in sync with the Podfile.lock. Run 'pod install' or update your CocoaPods installation.\nEOM\n    exit 1\nfi\n";
			showEnvVarsInLog = 0;
		};
		DC87A543B23C27AC91A4C9E5 /* [CP] Embed Pods Frameworks */ = {
			isa = PBXShellScriptBuildPhase;
			buildActionMask = 2147483647;
			files = (
			);
			inputPaths = (
			);
			name = "[CP] Embed Pods Frameworks";
			outputPaths = (
			);
			runOnlyForDeploymentPostprocessing = 0;
			shellPath = /bin/sh;
			shellScript = "\"${SRCROOT}/Pods/Target Support Files/Pods-PodDemo/Pods-PodDemo-frameworks.sh\"\n";
			showEnvVarsInLog = 0;
		};
/* End PBXShellScriptBuildPhase section */

/* Begin PBXSourcesBuildPhase section */
		81D94D931D656F1A00B46511 /* Sources */ = {
			isa = PBXSourcesBuildPhase;
			buildActionMask = 2147483647;
			files = (
				81D94D9D1D656F1A00B46511 /* ViewController.swift in Sources */,
				81D94D9B1D656F1A00B46511 /* AppDelegate.swift in Sources */,
			);
			runOnlyForDeploymentPostprocessing = 0;
		};
/* End PBXSourcesBuildPhase section */

/* Begin PBXVariantGroup section */
		81D94D9E1D656F1A00B46511 /* Main.storyboard */ = {
			isa = PBXVariantGroup;
			children = (
				81D94D9F1D656F1A00B46511 /* Base */,
			);
			name = Main.storyboard;
			sourceTree = "<group>";
		};
		81D94DA31D656F1A00B46511 /* LaunchScreen.storyboard */ = {
			isa = PBXVariantGroup;
			children = (
				81D94DA41D656F1A00B46511 /* Base */,
			);
			name = LaunchScreen.storyboard;
			sourceTree = "<group>";
		};
/* End PBXVariantGroup section */

/* Begin XCBuildConfiguration section */
		81D94DA71D656F1A00B46511 /* Debug */ = {
			isa = XCBuildConfiguration;
			buildSettings = {
				ALWAYS_SEARCH_USER_PATHS = NO;
				CLANG_ANALYZER_NONNULL = YES;
				CLANG_CXX_LANGUAGE_STANDARD = "gnu++0x";
				CLANG_CXX_LIBRARY = "libc++";
				CLANG_ENABLE_MODULES = YES;
				CLANG_ENABLE_OBJC_ARC = YES;
				CLANG_WARN_BOOL_CONVERSION = YES;
				CLANG_WARN_CONSTANT_CONVERSION = YES;
				CLANG_WARN_DIRECT_OBJC_ISA_USAGE = YES_ERROR;
				CLANG_WARN_EMPTY_BODY = YES;
				CLANG_WARN_ENUM_CONVERSION = YES;
				CLANG_WARN_INT_CONVERSION = YES;
				CLANG_WARN_OBJC_ROOT_CLASS = YES_ERROR;
				CLANG_WARN_UNREACHABLE_CODE = YES;
				CLANG_WARN__DUPLICATE_METHOD_MATCH = YES;
				"CODE_SIGN_IDENTITY[sdk=iphoneos*]" = "iPhone Developer";
				COPY_PHASE_STRIP = NO;
				DEBUG_INFORMATION_FORMAT = dwarf;
				ENABLE_STRICT_OBJC_MSGSEND = YES;
				ENABLE_TESTABILITY = YES;
				GCC_C_LANGUAGE_STANDARD = gnu99;
				GCC_DYNAMIC_NO_PIC = NO;
				GCC_NO_COMMON_BLOCKS = YES;
				GCC_OPTIMIZATION_LEVEL = 0;
				GCC_PREPROCESSOR_DEFINITIONS = (
					"DEBUG=1",
					"$(inherited)",
				);
				GCC_WARN_64_TO_32_BIT_CONVERSION = YES;
				GCC_WARN_ABOUT_RETURN_TYPE = YES_ERROR;
				GCC_WARN_UNDECLARED_SELECTOR = YES;
				GCC_WARN_UNINITIALIZED_AUTOS = YES_AGGRESSIVE;
				GCC_WARN_UNUSED_FUNCTION = YES;
				GCC_WARN_UNUSED_VARIABLE = YES;
				IPHONEOS_DEPLOYMENT_TARGET = 9.3;
				MTL_ENABLE_DEBUG_INFO = YES;
				ONLY_ACTIVE_ARCH = YES;
				SDKROOT = iphoneos;
				SWIFT_OPTIMIZATION_LEVEL = "-Onone";
				TARGETED_DEVICE_FAMILY = "1,2";
			};
			name = Debug;
		};
		81D94DA81D656F1A00B46511 /* Release */ = {
			isa = XCBuildConfiguration;
			buildSettings = {
				ALWAYS_SEARCH_USER_PATHS = NO;
				CLANG_ANALYZER_NONNULL = YES;
				CLANG_CXX_LANGUAGE_STANDARD = "gnu++0x";
				CLANG_CXX_LIBRARY = "libc++";
				CLANG_ENABLE_MODULES = YES;
				CLANG_ENABLE_OBJC_ARC = YES;
				CLANG_WARN_BOOL_CONVERSION = YES;
				CLANG_WARN_CONSTANT_CONVERSION = YES;
				CLANG_WARN_DIRECT_OBJC_ISA_USAGE = YES_ERROR;
				CLANG_WARN_EMPTY_BODY = YES;
				CLANG_WARN_ENUM_CONVERSION = YES;
				CLANG_WARN_INT_CONVERSION = YES;
				CLANG_WARN_OBJC_ROOT_CLASS = YES_ERROR;
				CLANG_WARN_UNREACHABLE_CODE = YES;
				CLANG_WARN__DUPLICATE_METHOD_MATCH = YES;
				"CODE_SIGN_IDENTITY[sdk=iphoneos*]" = "iPhone Developer";
				COPY_PHASE_STRIP = NO;
				DEBUG_INFORMATION_FORMAT = "dwarf-with-dsym";
				ENABLE_NS_ASSERTIONS = NO;
				ENABLE_STRICT_OBJC_MSGSEND = YES;
				GCC_C_LANGUAGE_STANDARD = gnu99;
				GCC_NO_COMMON_BLOCKS = YES;
				GCC_WARN_64_TO_32_BIT_CONVERSION = YES;
				GCC_WARN_ABOUT_RETURN_TYPE = YES_ERROR;
				GCC_WARN_UNDECLARED_SELECTOR = YES;
				GCC_WARN_UNINITIALIZED_AUTOS = YES_AGGRESSIVE;
				GCC_WARN_UNUSED_FUNCTION = YES;
				GCC_WARN_UNUSED_VARIABLE = YES;
				IPHONEOS_DEPLOYMENT_TARGET = 9.3;
				MTL_ENABLE_DEBUG_INFO = NO;
				SDKROOT = iphoneos;
				TARGETED_DEVICE_FAMILY = "1,2";
				VALIDATE_PRODUCT = YES;
			};
			name = Release;
		};
		81D94DAA1D656F1A00B46511 /* Debug */ = {
			isa = XCBuildConfiguration;
			baseConfigurationReference = BED215CF2408341B48CF8194 /* Pods-PodDemo.debug.xcconfig */;
			buildSettings = {
				ASSETCATALOG_COMPILER_APPICON_NAME = AppIcon;
				INFOPLIST_FILE = PodDemo/Info.plist;
				IPHONEOS_DEPLOYMENT_TARGET = 8.0;
				LD_RUNPATH_SEARCH_PATHS = "$(inherited) @executable_path/Frameworks";
				PRODUCT_BUNDLE_IDENTIFIER = SkyPlatanus.PodDemo;
				PRODUCT_NAME = "$(TARGET_NAME)";
			};
			name = Debug;
		};
		81D94DAB1D656F1A00B46511 /* Release */ = {
			isa = XCBuildConfiguration;
			baseConfigurationReference = 443DFD208A65EB078679902C /* Pods-PodDemo.release.xcconfig */;
			buildSettings = {
				ASSETCATALOG_COMPILER_APPICON_NAME = AppIcon;
				INFOPLIST_FILE = PodDemo/Info.plist;
				IPHONEOS_DEPLOYMENT_TARGET = 8.0;
				LD_RUNPATH_SEARCH_PATHS = "$(inherited) @executable_path/Frameworks";
				PRODUCT_BUNDLE_IDENTIFIER = SkyPlatanus.PodDemo;
				PRODUCT_NAME = "$(TARGET_NAME)";
			};
			name = Release;
		};
/* End XCBuildConfiguration section */

/* Begin XCConfigurationList section */
		81D94D921D656F1A00B46511 /* Build configuration list for PBXProject "PodDemo" */ = {
			isa = XCConfigurationList;
			buildConfigurations = (
				81D94DA71D656F1A00B46511 /* Debug */,
				81D94DA81D656F1A00B46511 /* Release */,
			);
			defaultConfigurationIsVisible = 0;
			defaultConfigurationName = Release;
		};
		81D94DA91D656F1A00B46511 /* Build configuration list for PBXNativeTarget "PodDemo" */ = {
			isa = XCConfigurationList;
			buildConfigurations = (
				81D94DAA1D656F1A00B46511 /* Debug */,
				81D94DAB1D656F1A00B46511 /* Release */,
			);
			defaultConfigurationIsVisible = 0;
			defaultConfigurationName = Release;
		};
/* End XCConfigurationList section */
	};
	rootObject = 81D94D8F1D656F1A00B46511 /* Project object */;
}
