// !$*UTF8*$!
{
	archiveVersion = 1;
	classes = {
	};
	objectVersion = 46;
	objects = {

/* Begin PBXBuildFile section */
		815525FD1D6EAEF800B89BBD /* WaveView.swift in Sources */ = {isa = PBXBuildFile; fileRef = 815525FC1D6EAEF800B89BBD /* WaveView.swift */; };
		81D94D591D5DF18700B46511 /* AppDelegate.swift in Sources */ = {isa = PBXBuildFile; fileRef = 81D94D581D5DF18700B46511 /* AppDelegate.swift */; };
		81D94D5B1D5DF18700B46511 /* ViewController.swift in Sources */ = {isa = PBXBuildFile; fileRef = 81D94D5A1D5DF18700B46511 /* ViewController.swift */; };
		81D94D5E1D5DF18700B46511 /* Main.storyboard in Resources */ = {isa = PBXBuildFile; fileRef = 81D94D5C1D5DF18700B46511 /* Main.storyboard */; };
		81D94D601D5DF18700B46511 /* Assets.xcassets in Resources */ = {isa = PBXBuildFile; fileRef = 81D94D5F1D5DF18700B46511 /* Assets.xcassets */; };
		81D94D631D5DF18700B46511 /* LaunchScreen.storyboard in Resources */ = {isa = PBXBuildFile; fileRef = 81D94D611D5DF18700B46511 /* LaunchScreen.storyboard */; };
/* End PBXBuildFile section */

/* Begin PBXFileReference section */
		815525FC1D6EAEF800B89BBD /* WaveView.swift */ = {isa = PBXFileReference; fileEncoding = 4; lastKnownFileType = sourcecode.swift; path = WaveView.swift; sourceTree = "<group>"; };
		81D94D551D5DF18700B46511 /* Demo.app */ = {isa = PBXFileReference; explicitFileType = wrapper.application; includeInIndex = 0; path = Demo.app; sourceTree = BUILT_PRODUCTS_DIR; };
		81D94D581D5DF18700B46511 /* AppDelegate.swift */ = {isa = PBXFileReference; lastKnownFileType = sourcecode.swift; path = AppDelegate.swift; sourceTree = "<group>"; };
		81D94D5A1D5DF18700B46511 /* ViewController.swift */ = {isa = PBXFileReference; lastKnownFileType = sourcecode.swift; path = ViewController.swift; sourceTree = "<group>"; };
		81D94D5D1D5DF18700B46511 /* Base */ = {isa = PBXFileReference; lastKnownFileType = file.storyboard; name = Base; path = Base.lproj/Main.storyboard; sourceTree = "<group>"; };
		81D94D5F1D5DF18700B46511 /* Assets.xcassets */ = {isa = PBXFileReference; lastKnownFileType = folder.assetcatalog; path = Assets.xcassets; sourceTree = "<group>"; };
		81D94D621D5DF18700B46511 /* Base */ = {isa = PBXFileReference; lastKnownFileType = file.storyboard; name = Base; path = Base.lproj/LaunchScreen.storyboard; sourceTree = "<group>"; };
		81D94D641D5DF18700B46511 /* Info.plist */ = {isa = PBXFileReference; lastKnownFileType = text.plist.xml; path = Info.plist; sourceTree = "<group>"; };
/* End PBXFileReference section */

/* Begin PBXFrameworksBuildPhase section */
		81D94D521D5DF18700B46511 /* Frameworks */ = {
			isa = PBXFrameworksBuildPhase;
			buildActionMask = 2147483647;
			files = (
			);
			runOnlyForDeploymentPostprocessing = 0;
		};
/* End PBXFrameworksBuildPhase section */

/* Begin PBXGroup section */
		815525FB1D6EAEF800B89BBD /* WaveView */ = {
			isa = PBXGroup;
			children = (
				815525FC1D6EAEF800B89BBD /* WaveView.swift */,
			);
			name = WaveView;
			path = ../../Pods/WaveView;
			sourceTree = "<group>";
		};
		81D94D4C1D5DF18700B46511 = {
			isa = PBXGroup;
			children = (
				81D94D571D5DF18700B46511 /* Demo */,
				81D94D561D5DF18700B46511 /* Products */,
			);
			sourceTree = "<group>";
		};
		81D94D561D5DF18700B46511 /* Products */ = {
			isa = PBXGroup;
			children = (
				81D94D551D5DF18700B46511 /* Demo.app */,
			);
			name = Products;
			sourceTree = "<group>";
		};
		81D94D571D5DF18700B46511 /* Demo */ = {
			isa = PBXGroup;
			children = (
				815525FB1D6EAEF800B89BBD /* WaveView */,
				81D94D581D5DF18700B46511 /* AppDelegate.swift */,
				81D94D5A1D5DF18700B46511 /* ViewController.swift */,
				81D94D5C1D5DF18700B46511 /* Main.storyboard */,
				81D94D5F1D5DF18700B46511 /* Assets.xcassets */,
				81D94D611D5DF18700B46511 /* LaunchScreen.storyboard */,
				81D94D641D5DF18700B46511 /* Info.plist */,
			);
			path = Demo;
			sourceTree = "<group>";
		};
/* End PBXGroup section */

/* Begin PBXNativeTarget section */
		81D94D541D5DF18700B46511 /* Demo */ = {
			isa = PBXNativeTarget;
			buildConfigurationList = 81D94D671D5DF18700B46511 /* Build configuration list for PBXNativeTarget "Demo" */;
			buildPhases = (
				81D94D511D5DF18700B46511 /* Sources */,
				81D94D521D5DF18700B46511 /* Frameworks */,
				81D94D531D5DF18700B46511 /* Resources */,
			);
			buildRules = (
			);
			dependencies = (
			);
			name = Demo;
			productName = Demo;
			productReference = 81D94D551D5DF18700B46511 /* Demo.app */;
			productType = "com.apple.product-type.application";
		};
/* End PBXNativeTarget section */

/* Begin PBXProject section */
		81D94D4D1D5DF18700B46511 /* Project object */ = {
			isa = PBXProject;
			attributes = {
				LastSwiftUpdateCheck = 0730;
				LastUpgradeCheck = 0730;
				ORGANIZATIONNAME = Ink;
				TargetAttributes = {
					81D94D541D5DF18700B46511 = {
						CreatedOnToolsVersion = 7.3.1;
					};
				};
			};
			buildConfigurationList = 81D94D501D5DF18700B46511 /* Build configuration list for PBXProject "Demo" */;
			compatibilityVersion = "Xcode 3.2";
			developmentRegion = English;
			hasScannedForEncodings = 0;
			knownRegions = (
				en,
				Base,
			);
			mainGroup = 81D94D4C1D5DF18700B46511;
			productRefGroup = 81D94D561D5DF18700B46511 /* Products */;
			projectDirPath = "";
			projectRoot = "";
			targets = (
				81D94D541D5DF18700B46511 /* Demo */,
			);
		};
/* End PBXProject section */

/* Begin PBXResourcesBuildPhase section */
		81D94D531D5DF18700B46511 /* Resources */ = {
			isa = PBXResourcesBuildPhase;
			buildActionMask = 2147483647;
			files = (
				81D94D631D5DF18700B46511 /* LaunchScreen.storyboard in Resources */,
				81D94D601D5DF18700B46511 /* Assets.xcassets in Resources */,
				81D94D5E1D5DF18700B46511 /* Main.storyboard in Resources */,
			);
			runOnlyForDeploymentPostprocessing = 0;
		};
/* End PBXResourcesBuildPhase section */

/* Begin PBXSourcesBuildPhase section */
		81D94D511D5DF18700B46511 /* Sources */ = {
			isa = PBXSourcesBuildPhase;
			buildActionMask = 2147483647;
			files = (
				81D94D5B1D5DF18700B46511 /* ViewController.swift in Sources */,
				815525FD1D6EAEF800B89BBD /* WaveView.swift in Sources */,
				81D94D591D5DF18700B46511 /* AppDelegate.swift in Sources */,
			);
			runOnlyForDeploymentPostprocessing = 0;
		};
/* End PBXSourcesBuildPhase section */

/* Begin PBXVariantGroup section */
		81D94D5C1D5DF18700B46511 /* Main.storyboard */ = {
			isa = PBXVariantGroup;
			children = (
				81D94D5D1D5DF18700B46511 /* Base */,
			);
			name = Main.storyboard;
			sourceTree = "<group>";
		};
		81D94D611D5DF18700B46511 /* LaunchScreen.storyboard */ = {
			isa = PBXVariantGroup;
			children = (
				81D94D621D5DF18700B46511 /* Base */,
			);
			name = LaunchScreen.storyboard;
			sourceTree = "<group>";
		};
/* End PBXVariantGroup section */

/* Begin XCBuildConfiguration section */
		81D94D651D5DF18700B46511 /* Debug */ = {
			isa = XCBuildConfiguration;
			buildSettings = {
				ALWAYS_SEARCH_USER_PATHS = NO;
				CLANG_ANALYZER_NONNULL = YES;
				CLANG_CXX_LANGUAGE_STANDARD = "gnu++0x";
				CLANG_CXX_LIBRARY = "libc++";
				CLANG_ENABLE_MODULES = YES;
				CLANG_ENABLE_OBJC_ARC = YES;
				CLANG_WARN_BOOL_CONVERSION = YES;
				CLANG_WARN_CONSTANT_CONVERSION = YES;
				CLANG_WARN_DIRECT_OBJC_ISA_USAGE = YES_ERROR;
				CLANG_WARN_EMPTY_BODY = YES;
				CLANG_WARN_ENUM_CONVERSION = YES;
				CLANG_WARN_INT_CONVERSION = YES;
				CLANG_WARN_OBJC_ROOT_CLASS = YES_ERROR;
				CLANG_WARN_UNREACHABLE_CODE = YES;
				CLANG_WARN__DUPLICATE_METHOD_MATCH = YES;
				"CODE_SIGN_IDENTITY[sdk=iphoneos*]" = "iPhone Developer";
				COPY_PHASE_STRIP = NO;
				DEBUG_INFORMATION_FORMAT = dwarf;
				ENABLE_STRICT_OBJC_MSGSEND = YES;
				ENABLE_TESTABILITY = YES;
				GCC_C_LANGUAGE_STANDARD = gnu99;
				GCC_DYNAMIC_NO_PIC = NO;
				GCC_NO_COMMON_BLOCKS = YES;
				GCC_OPTIMIZATION_LEVEL = 0;
				GCC_PREPROCESSOR_DEFINITIONS = (
					"DEBUG=1",
					"$(inherited)",
				);
				GCC_WARN_64_TO_32_BIT_CONVERSION = YES;
				GCC_WARN_ABOUT_RETURN_TYPE = YES_ERROR;
				GCC_WARN_UNDECLARED_SELECTOR = YES;
				GCC_WARN_UNINITIALIZED_AUTOS = YES_AGGRESSIVE;
				GCC_WARN_UNUSED_FUNCTION = YES;
				GCC_WARN_UNUSED_VARIABLE = YES;
				IPHONEOS_DEPLOYMENT_TARGET = 9.3;
				MTL_ENABLE_DEBUG_INFO = YES;
				ONLY_ACTIVE_ARCH = YES;
				SDKROOT = iphoneos;
				SWIFT_OPTIMIZATION_LEVEL = "-Onone";
				TARGETED_DEVICE_FAMILY = "1,2";
			};
			name = Debug;
		};
		81D94D661D5DF18700B46511 /* Release */ = {
			isa = XCBuildConfiguration;
			buildSettings = {
				ALWAYS_SEARCH_USER_PATHS = NO;
				CLANG_ANALYZER_NONNULL = YES;
				CLANG_CXX_LANGUAGE_STANDARD = "gnu++0x";
				CLANG_CXX_LIBRARY = "libc++";
				CLANG_ENABLE_MODULES = YES;
				CLANG_ENABLE_OBJC_ARC = YES;
				CLANG_WARN_BOOL_CONVERSION = YES;
				CLANG_WARN_CONSTANT_CONVERSION = YES;
				CLANG_WARN_DIRECT_OBJC_ISA_USAGE = YES_ERROR;
				CLANG_WARN_EMPTY_BODY = YES;
				CLANG_WARN_ENUM_CONVERSION = YES;
				CLANG_WARN_INT_CONVERSION = YES;
				CLANG_WARN_OBJC_ROOT_CLASS = YES_ERROR;
				CLANG_WARN_UNREACHABLE_CODE = YES;
				CLANG_WARN__DUPLICATE_METHOD_MATCH = YES;
				"CODE_SIGN_IDENTITY[sdk=iphoneos*]" = "iPhone Developer";
				COPY_PHASE_STRIP = NO;
				DEBUG_INFORMATION_FORMAT = "dwarf-with-dsym";
				ENABLE_NS_ASSERTIONS = NO;
				ENABLE_STRICT_OBJC_MSGSEND = YES;
				GCC_C_LANGUAGE_STANDARD = gnu99;
				GCC_NO_COMMON_BLOCKS = YES;
				GCC_WARN_64_TO_32_BIT_CONVERSION = YES;
				GCC_WARN_ABOUT_RETURN_TYPE = YES_ERROR;
				GCC_WARN_UNDECLARED_SELECTOR = YES;
				GCC_WARN_UNINITIALIZED_AUTOS = YES_AGGRESSIVE;
				GCC_WARN_UNUSED_FUNCTION = YES;
				GCC_WARN_UNUSED_VARIABLE = YES;
				IPHONEOS_DEPLOYMENT_TARGET = 9.3;
				MTL_ENABLE_DEBUG_INFO = NO;
				SDKROOT = iphoneos;
				TARGETED_DEVICE_FAMILY = "1,2";
				VALIDATE_PRODUCT = YES;
			};
			name = Release;
		};
		81D94D681D5DF18700B46511 /* Debug */ = {
			isa = XCBuildConfiguration;
			buildSettings = {
				ASSETCATALOG_COMPILER_APPICON_NAME = AppIcon;
				INFOPLIST_FILE = Demo/Info.plist;
				LD_RUNPATH_SEARCH_PATHS = "$(inherited) @executable_path/Frameworks";
				PRODUCT_BUNDLE_IDENTIFIER = SkyPlatanus.Demo;
				PRODUCT_NAME = "$(TARGET_NAME)";
			};
			name = Debug;
		};
		81D94D691D5DF18700B46511 /* Release */ = {
			isa = XCBuildConfiguration;
			buildSettings = {
				ASSETCATALOG_COMPILER_APPICON_NAME = AppIcon;
				INFOPLIST_FILE = Demo/Info.plist;
				LD_RUNPATH_SEARCH_PATHS = "$(inherited) @executable_path/Frameworks";
				PRODUCT_BUNDLE_IDENTIFIER = SkyPlatanus.Demo;
				PRODUCT_NAME = "$(TARGET_NAME)";
			};
			name = Release;
		};
/* End XCBuildConfiguration section */

/* Begin XCConfigurationList section */
		81D94D501D5DF18700B46511 /* Build configuration list for PBXProject "Demo" */ = {
			isa = XCConfigurationList;
			buildConfigurations = (
				81D94D651D5DF18700B46511 /* Debug */,
				81D94D661D5DF18700B46511 /* Release */,
			);
			defaultConfigurationIsVisible = 0;
			defaultConfigurationName = Release;
		};
		81D94D671D5DF18700B46511 /* Build configuration list for PBXNativeTarget "Demo" */ = {
			isa = XCConfigurationList;
			buildConfigurations = (
				81D94D681D5DF18700B46511 /* Debug */,
				81D94D691D5DF18700B46511 /* Release */,
			);
			defaultConfigurationIsVisible = 0;
			defaultConfigurationName = Release;
		};
/* End XCConfigurationList section */
	};
	rootObject = 81D94D4D1D5DF18700B46511 /* Project object */;
}
